
Microsoft Visual Studio Solution File, Format Version 12.00
# Visual Studio Version 17
VisualStudioVersion = 17.1.32328.378
MinimumVisualStudioVersion = 10.0.40219.1
Project("{FAE04EC0-301F-11D3-BF4B-00C04F79EFBC}") = "CodeFirst", "CodeFirst\CodeFirst.csproj", "{B341AB34-2F45-413C-A15A-8CAF88E17624}"
EndProject
Global
	GlobalSection(SolutionConfigurationPlatforms) = preSolution
		Debug|Any CPU = Debug|Any CPU
		Release|Any CPU = Release|Any CPU
	EndGlobalSection
	GlobalSection(ProjectConfigurationPlatforms) = postSolution
		{B341AB34-2F45-413C-A15A-8CAF88E17624}.Debug|Any CPU.ActiveCfg = Debug|Any CPU
		{B341AB34-2F45-413C-A15A-8CAF88E17624}.Debug|Any CPU.Build.0 = Debug|Any CPU
		{B341AB34-2F45-413C-A15A-8CAF88E17624}.Release|Any CPU.ActiveCfg = Release|Any CPU
		{B341AB34-2F45-413C-A15A-8CAF88E17624}.Release|Any CPU.Build.0 = Release|Any CPU
	EndGlobalSection
	GlobalSection(SolutionProperties) = preSolution
		HideSolutionNode = FALSE
	EndGlobalSection
	GlobalSection(ExtensibilityGlobals) = postSolution
		SolutionGuid = {BB6C738D-E035-4ACE-8F3E-E9CB9CD1D5FA}
	EndGlobalSection
EndGlobal
